// !$*UTF8*$!
{
	archiveVersion = 1;
	classes = {
	};
	objectVersion = 55;
	objects = {

/* Begin PBXBuildFile section */
		04895856272FC873000F16DD /* Tests_iOS.swift in Sources */ = {isa = PBXBuildFile; fileRef = 04895855272FC873000F16DD /* Tests_iOS.swift */; };
		04895858272FC873000F16DD /* Tests_iOSLaunchTests.swift in Sources */ = {isa = PBXBuildFile; fileRef = 04895857272FC873000F16DD /* Tests_iOSLaunchTests.swift */; };
		04895862272FC873000F16DD /* Tests_macOS.swift in Sources */ = {isa = PBXBuildFile; fileRef = 04895861272FC873000F16DD /* Tests_macOS.swift */; };
		04895864272FC873000F16DD /* Tests_macOSLaunchTests.swift in Sources */ = {isa = PBXBuildFile; fileRef = 04895863272FC873000F16DD /* Tests_macOSLaunchTests.swift */; };
		04895865272FC873000F16DD /* Complex_UI4App.swift in Sources */ = {isa = PBXBuildFile; fileRef = 0489583D272FC871000F16DD /* Complex_UI4App.swift */; };
		04895866272FC873000F16DD /* Complex_UI4App.swift in Sources */ = {isa = PBXBuildFile; fileRef = 0489583D272FC871000F16DD /* Complex_UI4App.swift */; };
		04895867272FC873000F16DD /* ContentView.swift in Sources */ = {isa = PBXBuildFile; fileRef = 0489583E272FC871000F16DD /* ContentView.swift */; };
		04895868272FC873000F16DD /* ContentView.swift in Sources */ = {isa = PBXBuildFile; fileRef = 0489583E272FC871000F16DD /* ContentView.swift */; };
		04895869272FC873000F16DD /* Assets.xcassets in Resources */ = {isa = PBXBuildFile; fileRef = 0489583F272FC873000F16DD /* Assets.xcassets */; };
		0489586A272FC873000F16DD /* Assets.xcassets in Resources */ = {isa = PBXBuildFile; fileRef = 0489583F272FC873000F16DD /* Assets.xcassets */; };
		0489587C272FCA80000F16DD /* bnanna.png in Resources */ = {isa = PBXBuildFile; fileRef = 04895879272FCA80000F16DD /* bnanna.png */; };
		0489587D272FCA80000F16DD /* ava.png in Resources */ = {isa = PBXBuildFile; fileRef = 0489587A272FCA80000F16DD /* ava.png */; };
		0489587E272FCA80000F16DD /* stra.png in Resources */ = {isa = PBXBuildFile; fileRef = 0489587B272FCA80000F16DD /* stra.png */; };
		04895882272FCB0D000F16DD /* Home.swift in Sources */ = {isa = PBXBuildFile; fileRef = 04895881272FCB0D000F16DD /* Home.swift */; };
		04895884272FD14F000F16DD /* DataModel.swift in Sources */ = {isa = PBXBuildFile; fileRef = 04895883272FD14F000F16DD /* DataModel.swift */; };
/* End PBXBuildFile section */

/* Begin PBXContainerItemProxy section */
		04895852272FC873000F16DD /* PBXContainerItemProxy */ = {
			isa = PBXContainerItemProxy;
			containerPortal = 04895838272FC871000F16DD /* Project object */;
			proxyType = 1;
			remoteGlobalIDString = 04895843272FC873000F16DD;
			remoteInfo = "Complex UI4 (iOS)";
		};
		0489585E272FC873000F16DD /* PBXContainerItemProxy */ = {
			isa = PBXContainerItemProxy;
			containerPortal = 04895838272FC871000F16DD /* Project object */;
			proxyType = 1;
			remoteGlobalIDString = 04895849272FC873000F16DD;
			remoteInfo = "Complex UI4 (macOS)";
		};
/* End PBXContainerItemProxy section */

/* Begin PBXFileReference section */
		0489583D272FC871000F16DD /* Complex_UI4App.swift */ = {isa = PBXFileReference; lastKnownFileType = sourcecode.swift; path = Complex_UI4App.swift; sourceTree = "<group>"; };
		0489583E272FC871000F16DD /* ContentView.swift */ = {isa = PBXFileReference; lastKnownFileType = sourcecode.swift; path = ContentView.swift; sourceTree = "<group>"; };
		0489583F272FC873000F16DD /* Assets.xcassets */ = {isa = PBXFileReference; lastKnownFileType = folder.assetcatalog; path = Assets.xcassets; sourceTree = "<group>"; };
		04895844272FC873000F16DD /* Complex UI4.app */ = {isa = PBXFileReference; explicitFileType = wrapper.application; includeInIndex = 0; path = "Complex UI4.app"; sourceTree = BUILT_PRODUCTS_DIR; };
		0489584A272FC873000F16DD /* Complex UI4.app */ = {isa = PBXFileReference; explicitFileType = wrapper.application; includeInIndex = 0; path = "Complex UI4.app"; sourceTree = BUILT_PRODUCTS_DIR; };
		0489584C272FC873000F16DD /* macOS.entitlements */ = {isa = PBXFileReference; lastKnownFileType = text.plist.entitlements; path = macOS.entitlements; sourceTree = "<group>"; };
		04895851272FC873000F16DD /* Tests iOS.xctest */ = {isa = PBXFileReference; explicitFileType = wrapper.cfbundle; includeInIndex = 0; path = "Tests iOS.xctest"; sourceTree = BUILT_PRODUCTS_DIR; };
		04895855272FC873000F16DD /* Tests_iOS.swift */ = {isa = PBXFileReference; lastKnownFileType = sourcecode.swift; path = Tests_iOS.swift; sourceTree = "<group>"; };
		04895857272FC873000F16DD /* Tests_iOSLaunchTests.swift */ = {isa = PBXFileReference; lastKnownFileType = sourcecode.swift; path = Tests_iOSLaunchTests.swift; sourceTree = "<group>"; };
		0489585D272FC873000F16DD /* Tests macOS.xctest */ = {isa = PBXFileReference; explicitFileType = wrapper.cfbundle; includeInIndex = 0; path = "Tests macOS.xctest"; sourceTree = BUILT_PRODUCTS_DIR; };
		04895861272FC873000F16DD /* Tests_macOS.swift */ = {isa = PBXFileReference; lastKnownFileType = sourcecode.swift; path = Tests_macOS.swift; sourceTree = "<group>"; };
		04895863272FC873000F16DD /* Tests_macOSLaunchTests.swift */ = {isa = PBXFileReference; lastKnownFileType = sourcecode.swift; path = Tests_macOSLaunchTests.swift; sourceTree = "<group>"; };
		04895879272FCA80000F16DD /* bnanna.png */ = {isa = PBXFileReference; lastKnownFileType = image.png; path = bnanna.png; sourceTree = "<group>"; };
		0489587A272FCA80000F16DD /* ava.png */ = {isa = PBXFileReference; lastKnownFileType = image.png; path = ava.png; sourceTree = "<group>"; };
		0489587B272FCA80000F16DD /* stra.png */ = {isa = PBXFileReference; lastKnownFileType = image.png; path = stra.png; sourceTree = "<group>"; };
		04895881272FCB0D000F16DD /* Home.swift */ = {isa = PBXFileReference; lastKnownFileType = sourcecode.swift; path = Home.swift; sourceTree = "<group>"; };
		04895883272FD14F000F16DD /* DataModel.swift */ = {isa = PBXFileReference; lastKnownFileType = sourcecode.swift; path = DataModel.swift; sourceTree = "<group>"; };
/* End PBXFileReference section */

/* Begin PBXFrameworksBuildPhase section */
		04895841272FC873000F16DD /* Frameworks */ = {
			isa = PBXFrameworksBuildPhase;
			buildActionMask = 2147483647;
			files = (
			);
			runOnlyForDeploymentPostprocessing = 0;
		};
		04895847272FC873000F16DD /* Frameworks */ = {
			isa = PBXFrameworksBuildPhase;
			buildActionMask = 2147483647;
			files = (
			);
			runOnlyForDeploymentPostprocessing = 0;
		};
		0489584E272FC873000F16DD /* Frameworks */ = {
			isa = PBXFrameworksBuildPhase;
			buildActionMask = 2147483647;
			files = (
			);
			runOnlyForDeploymentPostprocessing = 0;
		};
		0489585A272FC873000F16DD /* Frameworks */ = {
			isa = PBXFrameworksBuildPhase;
			buildActionMask = 2147483647;
			files = (
			);
			runOnlyForDeploymentPostprocessing = 0;
		};
/* End PBXFrameworksBuildPhase section */

/* Begin PBXGroup section */
		04895837272FC871000F16DD = {
			isa = PBXGroup;
			children = (
				0489583C272FC871000F16DD /* Shared */,
				0489584B272FC873000F16DD /* macOS */,
				04895854272FC873000F16DD /* Tests iOS */,
				04895860272FC873000F16DD /* Tests macOS */,
				04895845272FC873000F16DD /* Products */,
			);
			sourceTree = "<group>";
		};
		0489583C272FC871000F16DD /* Shared */ = {
			isa = PBXGroup;
			children = (
				04895880272FCAF5000F16DD /* Views */,
				0489587F272FCAED000F16DD /* Model */,
				0489583D272FC871000F16DD /* Complex_UI4App.swift */,
				0489583E272FC871000F16DD /* ContentView.swift */,
				0489583F272FC873000F16DD /* Assets.xcassets */,
			);
			path = Shared;
			sourceTree = "<group>";
		};
		04895845272FC873000F16DD /* Products */ = {
			isa = PBXGroup;
			children = (
				04895844272FC873000F16DD /* Complex UI4.app */,
				0489584A272FC873000F16DD /* Complex UI4.app */,
				04895851272FC873000F16DD /* Tests iOS.xctest */,
				0489585D272FC873000F16DD /* Tests macOS.xctest */,
			);
			name = Products;
			sourceTree = "<group>";
		};
		0489584B272FC873000F16DD /* macOS */ = {
			isa = PBXGroup;
			children = (
				0489584C272FC873000F16DD /* macOS.entitlements */,
			);
			path = macOS;
			sourceTree = "<group>";
		};
		04895854272FC873000F16DD /* Tests iOS */ = {
			isa = PBXGroup;
			children = (
				04895855272FC873000F16DD /* Tests_iOS.swift */,
				0489587A272FCA80000F16DD /* ava.png */,
				04895879272FCA80000F16DD /* bnanna.png */,
				0489587B272FCA80000F16DD /* stra.png */,
				04895857272FC873000F16DD /* Tests_iOSLaunchTests.swift */,
			);
			path = "Tests iOS";
			sourceTree = "<group>";
		};
		04895860272FC873000F16DD /* Tests macOS */ = {
			isa = PBXGroup;
			children = (
				04895861272FC873000F16DD /* Tests_macOS.swift */,
				04895863272FC873000F16DD /* Tests_macOSLaunchTests.swift */,
			);
			path = "Tests macOS";
			sourceTree = "<group>";
		};
		0489587F272FCAED000F16DD /* Model */ = {
			isa = PBXGroup;
			children = (
				04895883272FD14F000F16DD /* DataModel.swift */,
			);
			path = Model;
			sourceTree = "<group>";
		};
		04895880272FCAF5000F16DD /* Views */ = {
			isa = PBXGroup;
			children = (
				04895881272FCB0D000F16DD /* Home.swift */,
			);
			path = Views;
			sourceTree = "<group>";
		};
/* End PBXGroup section */

/* Begin PBXNativeTarget section */
		04895843272FC873000F16DD /* Complex UI4 (iOS) */ = {
			isa = PBXNativeTarget;
			buildConfigurationList = 0489586D272FC873000F16DD /* Build configuration list for PBXNativeTarget "Complex UI4 (iOS)" */;
			buildPhases = (
				04895840272FC873000F16DD /* Sources */,
				04895841272FC873000F16DD /* Frameworks */,
				04895842272FC873000F16DD /* Resources */,
			);
			buildRules = (
			);
			dependencies = (
			);
			name = "Complex UI4 (iOS)";
			productName = "Complex UI4 (iOS)";
			productReference = 04895844272FC873000F16DD /* Complex UI4.app */;
			productType = "com.apple.product-type.application";
		};
		04895849272FC873000F16DD /* Complex UI4 (macOS) */ = {
			isa = PBXNativeTarget;
			buildConfigurationList = 04895870272FC873000F16DD /* Build configuration list for PBXNativeTarget "Complex UI4 (macOS)" */;
			buildPhases = (
				04895846272FC873000F16DD /* Sources */,
				04895847272FC873000F16DD /* Frameworks */,
				04895848272FC873000F16DD /* Resources */,
			);
			buildRules = (
			);
			dependencies = (
			);
			name = "Complex UI4 (macOS)";
			productName = "Complex UI4 (macOS)";
			productReference = 0489584A272FC873000F16DD /* Complex UI4.app */;
			productType = "com.apple.product-type.application";
		};
		04895850272FC873000F16DD /* Tests iOS */ = {
			isa = PBXNativeTarget;
			buildConfigurationList = 04895873272FC873000F16DD /* Build configuration list for PBXNativeTarget "Tests iOS" */;
			buildPhases = (
				0489584D272FC873000F16DD /* Sources */,
				0489584E272FC873000F16DD /* Frameworks */,
				0489584F272FC873000F16DD /* Resources */,
			);
			buildRules = (
			);
			dependencies = (
				04895853272FC873000F16DD /* PBXTargetDependency */,
			);
			name = "Tests iOS";
			productName = "Tests iOS";
			productReference = 04895851272FC873000F16DD /* Tests iOS.xctest */;
			productType = "com.apple.product-type.bundle.ui-testing";
		};
		0489585C272FC873000F16DD /* Tests macOS */ = {
			isa = PBXNativeTarget;
			buildConfigurationList = 04895876272FC873000F16DD /* Build configuration list for PBXNativeTarget "Tests macOS" */;
			buildPhases = (
				04895859272FC873000F16DD /* Sources */,
				0489585A272FC873000F16DD /* Frameworks */,
				0489585B272FC873000F16DD /* Resources */,
			);
			buildRules = (
			);
			dependencies = (
				0489585F272FC873000F16DD /* PBXTargetDependency */,
			);
			name = "Tests macOS";
			productName = "Tests macOS";
			productReference = 0489585D272FC873000F16DD /* Tests macOS.xctest */;
			productType = "com.apple.product-type.bundle.ui-testing";
		};
/* End PBXNativeTarget section */

/* Begin PBXProject section */
		04895838272FC871000F16DD /* Project object */ = {
			isa = PBXProject;
			attributes = {
				BuildIndependentTargetsInParallel = 1;
				LastSwiftUpdateCheck = 1310;
				LastUpgradeCheck = 1310;
				TargetAttributes = {
					04895843272FC873000F16DD = {
						CreatedOnToolsVersion = 13.1;
					};
					04895849272FC873000F16DD = {
						CreatedOnToolsVersion = 13.1;
					};
					04895850272FC873000F16DD = {
						CreatedOnToolsVersion = 13.1;
						TestTargetID = 04895843272FC873000F16DD;
					};
					0489585C272FC873000F16DD = {
						CreatedOnToolsVersion = 13.1;
						TestTargetID = 04895849272FC873000F16DD;
					};
				};
			};
			buildConfigurationList = 0489583B272FC871000F16DD /* Build configuration list for PBXProject "Complex UI4" */;
			compatibilityVersion = "Xcode 13.0";
			developmentRegion = en;
			hasScannedForEncodings = 0;
			knownRegions = (
				en,
				Base,
			);
			mainGroup = 04895837272FC871000F16DD;
			productRefGroup = 04895845272FC873000F16DD /* Products */;
			projectDirPath = "";
			projectRoot = "";
			targets = (
				04895843272FC873000F16DD /* Complex UI4 (iOS) */,
				04895849272FC873000F16DD /* Complex UI4 (macOS) */,
				04895850272FC873000F16DD /* Tests iOS */,
				0489585C272FC873000F16DD /* Tests macOS */,
			);
		};
/* End PBXProject section */

/* Begin PBXResourcesBuildPhase section */
		04895842272FC873000F16DD /* Resources */ = {
			isa = PBXResourcesBuildPhase;
			buildActionMask = 2147483647;
			files = (
				0489587D272FCA80000F16DD /* ava.png in Resources */,
				0489587E272FCA80000F16DD /* stra.png in Resources */,
				04895869272FC873000F16DD /* Assets.xcassets in Resources */,
				0489587C272FCA80000F16DD /* bnanna.png in Resources */,
			);
			runOnlyForDeploymentPostprocessing = 0;
		};
		04895848272FC873000F16DD /* Resources */ = {
			isa = PBXResourcesBuildPhase;
			buildActionMask = 2147483647;
			files = (
				0489586A272FC873000F16DD /* Assets.xcassets in Resources */,
			);
			runOnlyForDeploymentPostprocessing = 0;
		};
		0489584F272FC873000F16DD /* Resources */ = {
			isa = PBXResourcesBuildPhase;
			buildActionMask = 2147483647;
			files = (
			);
			runOnlyForDeploymentPostprocessing = 0;
		};
		0489585B272FC873000F16DD /* Resources */ = {
			isa = PBXResourcesBuildPhase;
			buildActionMask = 2147483647;
			files = (
			);
			runOnlyForDeploymentPostprocessing = 0;
		};
/* End PBXResourcesBuildPhase section */

/* Begin PBXSourcesBuildPhase section */
		04895840272FC873000F16DD /* Sources */ = {
			isa = PBXSourcesBuildPhase;
			buildActionMask = 2147483647;
			files = (
				04895867272FC873000F16DD /* ContentView.swift in Sources */,
				04895882272FCB0D000F16DD /* Home.swift in Sources */,
				04895884272FD14F000F16DD /* DataModel.swift in Sources */,
				04895865272FC873000F16DD /* Complex_UI4App.swift in Sources */,
			);
			runOnlyForDeploymentPostprocessing = 0;
		};
		04895846272FC873000F16DD /* Sources */ = {
			isa = PBXSourcesBuildPhase;
			buildActionMask = 2147483647;
			files = (
				04895868272FC873000F16DD /* ContentView.swift in Sources */,
				04895866272FC873000F16DD /* Complex_UI4App.swift in Sources */,
			);
			runOnlyForDeploymentPostprocessing = 0;
		};
		0489584D272FC873000F16DD /* Sources */ = {
			isa = PBXSourcesBuildPhase;
			buildActionMask = 2147483647;
			files = (
				04895858272FC873000F16DD /* Tests_iOSLaunchTests.swift in Sources */,
				04895856272FC873000F16DD /* Tests_iOS.swift in Sources */,
			);
			runOnlyForDeploymentPostprocessing = 0;
		};
		04895859272FC873000F16DD /* Sources */ = {
			isa = PBXSourcesBuildPhase;
			buildActionMask = 2147483647;
			files = (
				04895864272FC873000F16DD /* Tests_macOSLaunchTests.swift in Sources */,
				04895862272FC873000F16DD /* Tests_macOS.swift in Sources */,
			);
			runOnlyForDeploymentPostprocessing = 0;
		};
/* End PBXSourcesBuildPhase section */

/* Begin PBXTargetDependency section */
		04895853272FC873000F16DD /* PBXTargetDependency */ = {
			isa = PBXTargetDependency;
			target = 04895843272FC873000F16DD /* Complex UI4 (iOS) */;
			targetProxy = 04895852272FC873000F16DD /* PBXContainerItemProxy */;
		};
		0489585F272FC873000F16DD /* PBXTargetDependency */ = {
			isa = PBXTargetDependency;
			target = 04895849272FC873000F16DD /* Complex UI4 (macOS) */;
			targetProxy = 0489585E272FC873000F16DD /* PBXContainerItemProxy */;
		};
/* End PBXTargetDependency section */

/* Begin XCBuildConfiguration section */
		0489586B272FC873000F16DD /* Debug */ = {
			isa = XCBuildConfiguration;
			buildSettings = {
				ALWAYS_SEARCH_USER_PATHS = NO;
				CLANG_ANALYZER_NONNULL = YES;
				CLANG_ANALYZER_NUMBER_OBJECT_CONVERSION = YES_AGGRESSIVE;
				CLANG_CXX_LANGUAGE_STANDARD = "gnu++17";
				CLANG_CXX_LIBRARY = "libc++";
				CLANG_ENABLE_MODULES = YES;
				CLANG_ENABLE_OBJC_ARC = YES;
				CLANG_ENABLE_OBJC_WEAK = YES;
				CLANG_WARN_BLOCK_CAPTURE_AUTORELEASING = YES;
				CLANG_WARN_BOOL_CONVERSION = YES;
				CLANG_WARN_COMMA = YES;
				CLANG_WARN_CONSTANT_CONVERSION = YES;
				CLANG_WARN_DEPRECATED_OBJC_IMPLEMENTATIONS = YES;
				CLANG_WARN_DIRECT_OBJC_ISA_USAGE = YES_ERROR;
				CLANG_WARN_DOCUMENTATION_COMMENTS = YES;
				CLANG_WARN_EMPTY_BODY = YES;
				CLANG_WARN_ENUM_CONVERSION = YES;
				CLANG_WARN_INFINITE_RECURSION = YES;
				CLANG_WARN_INT_CONVERSION = YES;
				CLANG_WARN_NON_LITERAL_NULL_CONVERSION = YES;
				CLANG_WARN_OBJC_IMPLICIT_RETAIN_SELF = YES;
				CLANG_WARN_OBJC_LITERAL_CONVERSION = YES;
				CLANG_WARN_OBJC_ROOT_CLASS = YES_ERROR;
				CLANG_WARN_QUOTED_INCLUDE_IN_FRAMEWORK_HEADER = YES;
				CLANG_WARN_RANGE_LOOP_ANALYSIS = YES;
				CLANG_WARN_STRICT_PROTOTYPES = YES;
				CLANG_WARN_SUSPICIOUS_MOVE = YES;
				CLANG_WARN_UNGUARDED_AVAILABILITY = YES_AGGRESSIVE;
				CLANG_WARN_UNREACHABLE_CODE = YES;
				CLANG_WARN__DUPLICATE_METHOD_MATCH = YES;
				COPY_PHASE_STRIP = NO;
				DEBUG_INFORMATION_FORMAT = dwarf;
				ENABLE_STRICT_OBJC_MSGSEND = YES;
				ENABLE_TESTABILITY = YES;
				GCC_C_LANGUAGE_STANDARD = gnu11;
				GCC_DYNAMIC_NO_PIC = NO;
				GCC_NO_COMMON_BLOCKS = YES;
				GCC_OPTIMIZATION_LEVEL = 0;
				GCC_PREPROCESSOR_DEFINITIONS = (
					"DEBUG=1",
					"$(inherited)",
				);
				GCC_WARN_64_TO_32_BIT_CONVERSION = YES;
				GCC_WARN_ABOUT_RETURN_TYPE = YES_ERROR;
				GCC_WARN_UNDECLARED_SELECTOR = YES;
				GCC_WARN_UNINITIALIZED_AUTOS = YES_AGGRESSIVE;
				GCC_WARN_UNUSED_FUNCTION = YES;
				GCC_WARN_UNUSED_VARIABLE = YES;
				MTL_ENABLE_DEBUG_INFO = INCLUDE_SOURCE;
				MTL_FAST_MATH = YES;
				ONLY_ACTIVE_ARCH = YES;
				SWIFT_ACTIVE_COMPILATION_CONDITIONS = DEBUG;
				SWIFT_OPTIMIZATION_LEVEL = "-Onone";
			};
			name = Debug;
		};
		0489586C272FC873000F16DD /* Release */ = {
			isa = XCBuildConfiguration;
			buildSettings = {
				ALWAYS_SEARCH_USER_PATHS = NO;
				CLANG_ANALYZER_NONNULL = YES;
				CLANG_ANALYZER_NUMBER_OBJECT_CONVERSION = YES_AGGRESSIVE;
				CLANG_CXX_LANGUAGE_STANDARD = "gnu++17";
				CLANG_CXX_LIBRARY = "libc++";
				CLANG_ENABLE_MODULES = YES;
				CLANG_ENABLE_OBJC_ARC = YES;
				CLANG_ENABLE_OBJC_WEAK = YES;
				CLANG_WARN_BLOCK_CAPTURE_AUTORELEASING = YES;
				CLANG_WARN_BOOL_CONVERSION = YES;
				CLANG_WARN_COMMA = YES;
				CLANG_WARN_CONSTANT_CONVERSION = YES;
				CLANG_WARN_DEPRECATED_OBJC_IMPLEMENTATIONS = YES;
				CLANG_WARN_DIRECT_OBJC_ISA_USAGE = YES_ERROR;
				CLANG_WARN_DOCUMENTATION_COMMENTS = YES;
				CLANG_WARN_EMPTY_BODY = YES;
				CLANG_WARN_ENUM_CONVERSION = YES;
				CLANG_WARN_INFINITE_RECURSION = YES;
				CLANG_WARN_INT_CONVERSION = YES;
				CLANG_WARN_NON_LITERAL_NULL_CONVERSION = YES;
				CLANG_WARN_OBJC_IMPLICIT_RETAIN_SELF = YES;
				CLANG_WARN_OBJC_LITERAL_CONVERSION = YES;
				CLANG_WARN_OBJC_ROOT_CLASS = YES_ERROR;
				CLANG_WARN_QUOTED_INCLUDE_IN_FRAMEWORK_HEADER = YES;
				CLANG_WARN_RANGE_LOOP_ANALYSIS = YES;
				CLANG_WARN_STRICT_PROTOTYPES = YES;
				CLANG_WARN_SUSPICIOUS_MOVE = YES;
				CLANG_WARN_UNGUARDED_AVAILABILITY = YES_AGGRESSIVE;
				CLANG_WARN_UNREACHABLE_CODE = YES;
				CLANG_WARN__DUPLICATE_METHOD_MATCH = YES;
				COPY_PHASE_STRIP = NO;
				DEBUG_INFORMATION_FORMAT = "dwarf-with-dsym";
				ENABLE_NS_ASSERTIONS = NO;
				ENABLE_STRICT_OBJC_MSGSEND = YES;
				GCC_C_LANGUAGE_STANDARD = gnu11;
				GCC_NO_COMMON_BLOCKS = YES;
				GCC_WARN_64_TO_32_BIT_CONVERSION = YES;
				GCC_WARN_ABOUT_RETURN_TYPE = YES_ERROR;
				GCC_WARN_UNDECLARED_SELECTOR = YES;
				GCC_WARN_UNINITIALIZED_AUTOS = YES_AGGRESSIVE;
				GCC_WARN_UNUSED_FUNCTION = YES;
				GCC_WARN_UNUSED_VARIABLE = YES;
				MTL_ENABLE_DEBUG_INFO = NO;
				MTL_FAST_MATH = YES;
				SWIFT_COMPILATION_MODE = wholemodule;
				SWIFT_OPTIMIZATION_LEVEL = "-O";
			};
			name = Release;
		};
		0489586E272FC873000F16DD /* Debug */ = {
			isa = XCBuildConfiguration;
			buildSettings = {
				ASSETCATALOG_COMPILER_APPICON_NAME = AppIcon;
				ASSETCATALOG_COMPILER_GLOBAL_ACCENT_COLOR_NAME = AccentColor;
				CODE_SIGN_STYLE = Automatic;
				CURRENT_PROJECT_VERSION = 1;
				DEVELOPMENT_TEAM = G264P6PRVG;
				ENABLE_PREVIEWS = YES;
				GENERATE_INFOPLIST_FILE = YES;
				INFOPLIST_KEY_UIApplicationSceneManifest_Generation = YES;
				INFOPLIST_KEY_UIApplicationSupportsIndirectInputEvents = YES;
				INFOPLIST_KEY_UILaunchScreen_Generation = YES;
				INFOPLIST_KEY_UISupportedInterfaceOrientations_iPad = "UIInterfaceOrientationPortrait UIInterfaceOrientationPortraitUpsideDown UIInterfaceOrientationLandscapeLeft UIInterfaceOrientationLandscapeRight";
				INFOPLIST_KEY_UISupportedInterfaceOrientations_iPhone = "UIInterfaceOrientationPortrait UIInterfaceOrientationLandscapeLeft UIInterfaceOrientationLandscapeRight";
				IPHONEOS_DEPLOYMENT_TARGET = 15.0;
				LD_RUNPATH_SEARCH_PATHS = (
					"$(inherited)",
					"@executable_path/Frameworks",
				);
				MARKETING_VERSION = 1.0;
				PRODUCT_BUNDLE_IDENTIFIER = "com.Complete.UI.Complex-UI4";
				PRODUCT_NAME = "Complex UI4";
				SDKROOT = iphoneos;
				SWIFT_EMIT_LOC_STRINGS = YES;
				SWIFT_VERSION = 5.0;
				TARGETED_DEVICE_FAMILY = "1,2";
			};
			name = Debug;
		};
		0489586F272FC873000F16DD /* Release */ = {
			isa = XCBuildConfiguration;
			buildSettings = {
				ASSETCATALOG_COMPILER_APPICON_NAME = AppIcon;
				ASSETCATALOG_COMPILER_GLOBAL_ACCENT_COLOR_NAME = AccentColor;
				CODE_SIGN_STYLE = Automatic;
				CURRENT_PROJECT_VERSION = 1;
				DEVELOPMENT_TEAM = G264P6PRVG;
				ENABLE_PREVIEWS = YES;
				GENERATE_INFOPLIST_FILE = YES;
				INFOPLIST_KEY_UIApplicationSceneManifest_Generation = YES;
				INFOPLIST_KEY_UIApplicationSupportsIndirectInputEvents = YES;
				INFOPLIST_KEY_UILaunchScreen_Generation = YES;
				INFOPLIST_KEY_UISupportedInterfaceOrientations_iPad = "UIInterfaceOrientationPortrait UIInterfaceOrientationPortraitUpsideDown UIInterfaceOrientationLandscapeLeft UIInterfaceOrientationLandscapeRight";
				INFOPLIST_KEY_UISupportedInterfaceOrientations_iPhone = "UIInterfaceOrientationPortrait UIInterfaceOrientationLandscapeLeft UIInterfaceOrientationLandscapeRight";
				IPHONEOS_DEPLOYMENT_TARGET = 15.0;
				LD_RUNPATH_SEARCH_PATHS = (
					"$(inherited)",
					"@executable_path/Frameworks",
				);
				MARKETING_VERSION = 1.0;
				PRODUCT_BUNDLE_IDENTIFIER = "com.Complete.UI.Complex-UI4";
				PRODUCT_NAME = "Complex UI4";
				SDKROOT = iphoneos;
				SWIFT_EMIT_LOC_STRINGS = YES;
				SWIFT_VERSION = 5.0;
				TARGETED_DEVICE_FAMILY = "1,2";
				VALIDATE_PRODUCT = YES;
			};
			name = Release;
		};
		04895871272FC873000F16DD /* Debug */ = {
			isa = XCBuildConfiguration;
			buildSettings = {
				ASSETCATALOG_COMPILER_APPICON_NAME = AppIcon;
				ASSETCATALOG_COMPILER_GLOBAL_ACCENT_COLOR_NAME = AccentColor;
				CODE_SIGN_ENTITLEMENTS = macOS/macOS.entitlements;
				CODE_SIGN_STYLE = Automatic;
				COMBINE_HIDPI_IMAGES = YES;
				CURRENT_PROJECT_VERSION = 1;
				DEVELOPMENT_TEAM = G264P6PRVG;
				ENABLE_HARDENED_RUNTIME = YES;
				ENABLE_PREVIEWS = YES;
				GENERATE_INFOPLIST_FILE = YES;
				INFOPLIST_KEY_NSHumanReadableCopyright = "";
				LD_RUNPATH_SEARCH_PATHS = (
					"$(inherited)",
					"@executable_path/../Frameworks",
				);
				MACOSX_DEPLOYMENT_TARGET = 11.6;
				MARKETING_VERSION = 1.0;
				PRODUCT_BUNDLE_IDENTIFIER = "com.Complete.UI.Complex-UI4";
				PRODUCT_NAME = "Complex UI4";
				SDKROOT = macosx;
				SWIFT_EMIT_LOC_STRINGS = YES;
				SWIFT_VERSION = 5.0;
			};
			name = Debug;
		};
		04895872272FC873000F16DD /* Release */ = {
			isa = XCBuildConfiguration;
			buildSettings = {
				ASSETCATALOG_COMPILER_APPICON_NAME = AppIcon;
				ASSETCATALOG_COMPILER_GLOBAL_ACCENT_COLOR_NAME = AccentColor;
				CODE_SIGN_ENTITLEMENTS = macOS/macOS.entitlements;
				CODE_SIGN_STYLE = Automatic;
				COMBINE_HIDPI_IMAGES = YES;
				CURRENT_PROJECT_VERSION = 1;
				DEVELOPMENT_TEAM = G264P6PRVG;
				ENABLE_HARDENED_RUNTIME = YES;
				ENABLE_PREVIEWS = YES;
				GENERATE_INFOPLIST_FILE = YES;
				INFOPLIST_KEY_NSHumanReadableCopyright = "";
				LD_RUNPATH_SEARCH_PATHS = (
					"$(inherited)",
					"@executable_path/../Frameworks",
				);
				MACOSX_DEPLOYMENT_TARGET = 11.6;
				MARKETING_VERSION = 1.0;
				PRODUCT_BUNDLE_IDENTIFIER = "com.Complete.UI.Complex-UI4";
				PRODUCT_NAME = "Complex UI4";
				SDKROOT = macosx;
				SWIFT_EMIT_LOC_STRINGS = YES;
				SWIFT_VERSION = 5.0;
			};
			name = Release;
		};
		04895874272FC873000F16DD /* Debug */ = {
			isa = XCBuildConfiguration;
			buildSettings = {
				ALWAYS_EMBED_SWIFT_STANDARD_LIBRARIES = YES;
				CODE_SIGN_STYLE = Automatic;
				CURRENT_PROJECT_VERSION = 1;
				DEVELOPMENT_TEAM = G264P6PRVG;
				GENERATE_INFOPLIST_FILE = YES;
				IPHONEOS_DEPLOYMENT_TARGET = 15.0;
				LD_RUNPATH_SEARCH_PATHS = (
					"$(inherited)",
					"@executable_path/Frameworks",
					"@loader_path/Frameworks",
				);
				MARKETING_VERSION = 1.0;
				PRODUCT_BUNDLE_IDENTIFIER = "com.Complete.UI.Tests-iOS";
				PRODUCT_NAME = "$(TARGET_NAME)";
				SDKROOT = iphoneos;
				SWIFT_EMIT_LOC_STRINGS = NO;
				SWIFT_VERSION = 5.0;
				TARGETED_DEVICE_FAMILY = "1,2";
				TEST_TARGET_NAME = "Complex UI4 (iOS)";
			};
			name = Debug;
		};
		04895875272FC873000F16DD /* Release */ = {
			isa = XCBuildConfiguration;
			buildSettings = {
				ALWAYS_EMBED_SWIFT_STANDARD_LIBRARIES = YES;
				CODE_SIGN_STYLE = Automatic;
				CURRENT_PROJECT_VERSION = 1;
				DEVELOPMENT_TEAM = G264P6PRVG;
				GENERATE_INFOPLIST_FILE = YES;
				IPHONEOS_DEPLOYMENT_TARGET = 15.0;
				LD_RUNPATH_SEARCH_PATHS = (
					"$(inherited)",
					"@executable_path/Frameworks",
					"@loader_path/Frameworks",
				);
				MARKETING_VERSION = 1.0;
				PRODUCT_BUNDLE_IDENTIFIER = "com.Complete.UI.Tests-iOS";
				PRODUCT_NAME = "$(TARGET_NAME)";
				SDKROOT = iphoneos;
				SWIFT_EMIT_LOC_STRINGS = NO;
				SWIFT_VERSION = 5.0;
				TARGETED_DEVICE_FAMILY = "1,2";
				TEST_TARGET_NAME = "Complex UI4 (iOS)";
				VALIDATE_PRODUCT = YES;
			};
			name = Release;
		};
		04895877272FC873000F16DD /* Debug */ = {
			isa = XCBuildConfiguration;
			buildSettings = {
				ALWAYS_EMBED_SWIFT_STANDARD_LIBRARIES = YES;
				CODE_SIGN_STYLE = Automatic;
				COMBINE_HIDPI_IMAGES = YES;
				CURRENT_PROJECT_VERSION = 1;
				DEVELOPMENT_TEAM = G264P6PRVG;
				GENERATE_INFOPLIST_FILE = YES;
				LD_RUNPATH_SEARCH_PATHS = (
					"$(inherited)",
					"@executable_path/../Frameworks",
					"@loader_path/../Frameworks",
				);
				MACOSX_DEPLOYMENT_TARGET = 11.6;
				MARKETING_VERSION = 1.0;
				PRODUCT_BUNDLE_IDENTIFIER = "com.Complete.UI.Tests-macOS";
				PRODUCT_NAME = "$(TARGET_NAME)";
				SDKROOT = macosx;
				SWIFT_EMIT_LOC_STRINGS = NO;
				SWIFT_VERSION = 5.0;
				TEST_TARGET_NAME = "Complex UI4 (macOS)";
			};
			name = Debug;
		};
		04895878272FC873000F16DD /* Release */ = {
			isa = XCBuildConfiguration;
			buildSettings = {
				ALWAYS_EMBED_SWIFT_STANDARD_LIBRARIES = YES;
				CODE_SIGN_STYLE = Automatic;
				COMBINE_HIDPI_IMAGES = YES;
				CURRENT_PROJECT_VERSION = 1;
				DEVELOPMENT_TEAM = G264P6PRVG;
				GENERATE_INFOPLIST_FILE = YES;
				LD_RUNPATH_SEARCH_PATHS = (
					"$(inherited)",
					"@executable_path/../Frameworks",
					"@loader_path/../Frameworks",
				);
				MACOSX_DEPLOYMENT_TARGET = 11.6;
				MARKETING_VERSION = 1.0;
				PRODUCT_BUNDLE_IDENTIFIER = "com.Complete.UI.Tests-macOS";
				PRODUCT_NAME = "$(TARGET_NAME)";
				SDKROOT = macosx;
				SWIFT_EMIT_LOC_STRINGS = NO;
				SWIFT_VERSION = 5.0;
				TEST_TARGET_NAME = "Complex UI4 (macOS)";
			};
			name = Release;
		};
/* End XCBuildConfiguration section */

/* Begin XCConfigurationList section */
		0489583B272FC871000F16DD /* Build configuration list for PBXProject "Complex UI4" */ = {
			isa = XCConfigurationList;
			buildConfigurations = (
				0489586B272FC873000F16DD /* Debug */,
				0489586C272FC873000F16DD /* Release */,
			);
			defaultConfigurationIsVisible = 0;
			defaultConfigurationName = Release;
		};
		0489586D272FC873000F16DD /* Build configuration list for PBXNativeTarget "Complex UI4 (iOS)" */ = {
			isa = XCConfigurationList;
			buildConfigurations = (
				0489586E272FC873000F16DD /* Debug */,
				0489586F272FC873000F16DD /* Release */,
			);
			defaultConfigurationIsVisible = 0;
			defaultConfigurationName = Release;
		};
		04895870272FC873000F16DD /* Build configuration list for PBXNativeTarget "Complex UI4 (macOS)" */ = {
			isa = XCConfigurationList;
			buildConfigurations = (
				04895871272FC873000F16DD /* Debug */,
				04895872272FC873000F16DD /* Release */,
			);
			defaultConfigurationIsVisible = 0;
			defaultConfigurationName = Release;
		};
		04895873272FC873000F16DD /* Build configuration list for PBXNativeTarget "Tests iOS" */ = {
			isa = XCConfigurationList;
			buildConfigurations = (
				04895874272FC873000F16DD /* Debug */,
				04895875272FC873000F16DD /* Release */,
			);
			defaultConfigurationIsVisible = 0;
			defaultConfigurationName = Release;
		};
		04895876272FC873000F16DD /* Build configuration list for PBXNativeTarget "Tests macOS" */ = {
			isa = XCConfigurationList;
			buildConfigurations = (
				04895877272FC873000F16DD /* Debug */,
				04895878272FC873000F16DD /* Release */,
			);
			defaultConfigurationIsVisible = 0;
			defaultConfigurationName = Release;
		};
/* End XCConfigurationList section */
	};
	rootObject = 04895838272FC871000F16DD /* Project object */;
}
